
Microsoft Visual Studio Solution File, Format Version 12.00
# Visual Studio 2013
VisualStudioVersion = 12.0.31101.0
MinimumVisualStudioVersion = 10.0.40219.1
Project("{FAE04EC0-301F-11D3-BF4B-00C04F79EFBC}") = "Backup and List VisualSoft Files", "Backup and List VisualSoft Files.csproj", "{82DAECC0-F1DB-417E-B1B2-4EA6667E5082}"
EndProject
Global
	GlobalSection(TeamFoundationVersionControl) = preSolution
		SccNumberOfProjects = 2
		SccEnterpriseProvider = {4CA58AB2-18FA-4F8D-95D4-32DDF27D184C}
		SccTeamFoundationServer = https://mhegab.visualstudio.com/defaultcollection
		SccLocalPath0 = .
		SccProjectUniqueName1 = Backup\u0020and\u0020List\u0020VisualSoft\u0020Files.csproj
		SccLocalPath1 = .
	EndGlobalSection
	GlobalSection(SolutionConfigurationPlatforms) = preSolution
		Debug|Any CPU = Debug|Any CPU
		Release|Any CPU = Release|Any CPU
	EndGlobalSection
	GlobalSection(ProjectConfigurationPlatforms) = postSolution
		{82DAECC0-F1DB-417E-B1B2-4EA6667E5082}.Debug|Any CPU.ActiveCfg = Debug|Any CPU
		{82DAECC0-F1DB-417E-B1B2-4EA6667E5082}.Debug|Any CPU.Build.0 = Debug|Any CPU
		{82DAECC0-F1DB-417E-B1B2-4EA6667E5082}.Release|Any CPU.ActiveCfg = Release|Any CPU
		{82DAECC0-F1DB-417E-B1B2-4EA6667E5082}.Release|Any CPU.Build.0 = Release|Any CPU
	EndGlobalSection
	GlobalSection(SolutionProperties) = preSolution
		HideSolutionNode = FALSE
	EndGlobalSection
EndGlobal
